// !$*UTF8*$!
{
	archiveVersion = 1;
	classes = {
	};
	objectVersion = 56;
	objects = {

/* Begin PBXBuildFile section */
		9A59F5DD2A028E330094D711 /* Singn_InApp.swift in Sources */ = {isa = PBXBuildFile; fileRef = 9A59F5DC2A028E330094D711 /* Singn_InApp.swift */; };
		9A59F5DF2A028E330094D711 /* ContentView.swift in Sources */ = {isa = PBXBuildFile; fileRef = 9A59F5DE2A028E330094D711 /* ContentView.swift */; };
		9A59F5E12A028E350094D711 /* Assets.xcassets in Resources */ = {isa = PBXBuildFile; fileRef = 9A59F5E02A028E350094D711 /* Assets.xcassets */; };
		9A59F5E42A028E350094D711 /* Preview Assets.xcassets in Resources */ = {isa = PBXBuildFile; fileRef = 9A59F5E32A028E350094D711 /* Preview Assets.xcassets */; };
		9A59F5EE2A028E350094D711 /* Singn_InTests.swift in Sources */ = {isa = PBXBuildFile; fileRef = 9A59F5ED2A028E350094D711 /* Singn_InTests.swift */; };
		9A59F5F82A028E350094D711 /* Singn_InUITests.swift in Sources */ = {isa = PBXBuildFile; fileRef = 9A59F5F72A028E350094D711 /* Singn_InUITests.swift */; };
		9A59F5FA2A028E350094D711 /* Singn_InUITestsLaunchTests.swift in Sources */ = {isa = PBXBuildFile; fileRef = 9A59F5F92A028E350094D711 /* Singn_InUITestsLaunchTests.swift */; };
		9A59F6082A028F160094D711 /* LoginView.swift in Sources */ = {isa = PBXBuildFile; fileRef = 9A59F6072A028F160094D711 /* LoginView.swift */; };
		9A59F60C2A0298C80094D711 /* String.swift in Sources */ = {isa = PBXBuildFile; fileRef = 9A59F60B2A0298C80094D711 /* String.swift */; };
/* End PBXBuildFile section */

/* Begin PBXContainerItemProxy section */
		9A59F5EA2A028E350094D711 /* PBXContainerItemProxy */ = {
			isa = PBXContainerItemProxy;
			containerPortal = 9A59F5D12A028E330094D711 /* Project object */;
			proxyType = 1;
			remoteGlobalIDString = 9A59F5D82A028E330094D711;
			remoteInfo = "Singn In";
		};
		9A59F5F42A028E350094D711 /* PBXContainerItemProxy */ = {
			isa = PBXContainerItemProxy;
			containerPortal = 9A59F5D12A028E330094D711 /* Project object */;
			proxyType = 1;
			remoteGlobalIDString = 9A59F5D82A028E330094D711;
			remoteInfo = "Singn In";
		};
/* End PBXContainerItemProxy section */

/* Begin PBXFileReference section */
		9A59F5D92A028E330094D711 /* Singn In.app */ = {isa = PBXFileReference; explicitFileType = wrapper.application; includeInIndex = 0; path = "Singn In.app"; sourceTree = BUILT_PRODUCTS_DIR; };
		9A59F5DC2A028E330094D711 /* Singn_InApp.swift */ = {isa = PBXFileReference; lastKnownFileType = sourcecode.swift; path = Singn_InApp.swift; sourceTree = "<group>"; };
		9A59F5DE2A028E330094D711 /* ContentView.swift */ = {isa = PBXFileReference; lastKnownFileType = sourcecode.swift; path = ContentView.swift; sourceTree = "<group>"; };
		9A59F5E02A028E350094D711 /* Assets.xcassets */ = {isa = PBXFileReference; lastKnownFileType = folder.assetcatalog; path = Assets.xcassets; sourceTree = "<group>"; };
		9A59F5E32A028E350094D711 /* Preview Assets.xcassets */ = {isa = PBXFileReference; lastKnownFileType = folder.assetcatalog; path = "Preview Assets.xcassets"; sourceTree = "<group>"; };
		9A59F5E92A028E350094D711 /* Singn InTests.xctest */ = {isa = PBXFileReference; explicitFileType = wrapper.cfbundle; includeInIndex = 0; path = "Singn InTests.xctest"; sourceTree = BUILT_PRODUCTS_DIR; };
		9A59F5ED2A028E350094D711 /* Singn_InTests.swift */ = {isa = PBXFileReference; lastKnownFileType = sourcecode.swift; path = Singn_InTests.swift; sourceTree = "<group>"; };
		9A59F5F32A028E350094D711 /* Singn InUITests.xctest */ = {isa = PBXFileReference; explicitFileType = wrapper.cfbundle; includeInIndex = 0; path = "Singn InUITests.xctest"; sourceTree = BUILT_PRODUCTS_DIR; };
		9A59F5F72A028E350094D711 /* Singn_InUITests.swift */ = {isa = PBXFileReference; lastKnownFileType = sourcecode.swift; path = Singn_InUITests.swift; sourceTree = "<group>"; };
		9A59F5F92A028E350094D711 /* Singn_InUITestsLaunchTests.swift */ = {isa = PBXFileReference; lastKnownFileType = sourcecode.swift; path = Singn_InUITestsLaunchTests.swift; sourceTree = "<group>"; };
		9A59F6072A028F160094D711 /* LoginView.swift */ = {isa = PBXFileReference; lastKnownFileType = sourcecode.swift; path = LoginView.swift; sourceTree = "<group>"; };
		9A59F60B2A0298C80094D711 /* String.swift */ = {isa = PBXFileReference; lastKnownFileType = sourcecode.swift; path = String.swift; sourceTree = "<group>"; };
/* End PBXFileReference section */

/* Begin PBXFrameworksBuildPhase section */
		9A59F5D62A028E330094D711 /* Frameworks */ = {
			isa = PBXFrameworksBuildPhase;
			buildActionMask = 2147483647;
			files = (
			);
			runOnlyForDeploymentPostprocessing = 0;
		};
		9A59F5E62A028E350094D711 /* Frameworks */ = {
			isa = PBXFrameworksBuildPhase;
			buildActionMask = 2147483647;
			files = (
			);
			runOnlyForDeploymentPostprocessing = 0;
		};
		9A59F5F02A028E350094D711 /* Frameworks */ = {
			isa = PBXFrameworksBuildPhase;
			buildActionMask = 2147483647;
			files = (
			);
			runOnlyForDeploymentPostprocessing = 0;
		};
/* End PBXFrameworksBuildPhase section */

/* Begin PBXGroup section */
		9A59F5D02A028E330094D711 = {
			isa = PBXGroup;
			children = (
				9A59F5DB2A028E330094D711 /* Singn In */,
				9A59F5EC2A028E350094D711 /* Singn InTests */,
				9A59F5F62A028E350094D711 /* Singn InUITests */,
				9A59F5DA2A028E330094D711 /* Products */,
			);
			sourceTree = "<group>";
		};
		9A59F5DA2A028E330094D711 /* Products */ = {
			isa = PBXGroup;
			children = (
				9A59F5D92A028E330094D711 /* Singn In.app */,
				9A59F5E92A028E350094D711 /* Singn InTests.xctest */,
				9A59F5F32A028E350094D711 /* Singn InUITests.xctest */,
			);
			name = Products;
			sourceTree = "<group>";
		};
		9A59F5DB2A028E330094D711 /* Singn In */ = {
			isa = PBXGroup;
			children = (
				9A59F5DC2A028E330094D711 /* Singn_InApp.swift */,
				9A59F60A2A0298A50094D711 /* Extensions */,
				9A59F6062A028F010094D711 /* View */,
				9A59F5DE2A028E330094D711 /* ContentView.swift */,
				9A59F5E02A028E350094D711 /* Assets.xcassets */,
				9A59F5E22A028E350094D711 /* Preview Content */,
			);
			path = "Singn In";
			sourceTree = "<group>";
		};
		9A59F5E22A028E350094D711 /* Preview Content */ = {
			isa = PBXGroup;
			children = (
				9A59F5E32A028E350094D711 /* Preview Assets.xcassets */,
			);
			path = "Preview Content";
			sourceTree = "<group>";
		};
		9A59F5EC2A028E350094D711 /* Singn InTests */ = {
			isa = PBXGroup;
			children = (
				9A59F5ED2A028E350094D711 /* Singn_InTests.swift */,
			);
			path = "Singn InTests";
			sourceTree = "<group>";
		};
		9A59F5F62A028E350094D711 /* Singn InUITests */ = {
			isa = PBXGroup;
			children = (
				9A59F5F72A028E350094D711 /* Singn_InUITests.swift */,
				9A59F5F92A028E350094D711 /* Singn_InUITestsLaunchTests.swift */,
			);
			path = "Singn InUITests";
			sourceTree = "<group>";
		};
		9A59F6062A028F010094D711 /* View */ = {
			isa = PBXGroup;
			children = (
				9A59F6072A028F160094D711 /* LoginView.swift */,
			);
			path = View;
			sourceTree = "<group>";
		};
		9A59F60A2A0298A50094D711 /* Extensions */ = {
			isa = PBXGroup;
			children = (
				9A59F60B2A0298C80094D711 /* String.swift */,
			);
			path = Extensions;
			sourceTree = "<group>";
		};
/* End PBXGroup section */

/* Begin PBXNativeTarget section */
		9A59F5D82A028E330094D711 /* Singn In */ = {
			isa = PBXNativeTarget;
			buildConfigurationList = 9A59F5FD2A028E350094D711 /* Build configuration list for PBXNativeTarget "Singn In" */;
			buildPhases = (
				9A59F5D52A028E330094D711 /* Sources */,
				9A59F5D62A028E330094D711 /* Frameworks */,
				9A59F5D72A028E330094D711 /* Resources */,
			);
			buildRules = (
			);
			dependencies = (
			);
			name = "Singn In";
			productName = "Singn In";
			productReference = 9A59F5D92A028E330094D711 /* Singn In.app */;
			productType = "com.apple.product-type.application";
		};
		9A59F5E82A028E350094D711 /* Singn InTests */ = {
			isa = PBXNativeTarget;
			buildConfigurationList = 9A59F6002A028E350094D711 /* Build configuration list for PBXNativeTarget "Singn InTests" */;
			buildPhases = (
				9A59F5E52A028E350094D711 /* Sources */,
				9A59F5E62A028E350094D711 /* Frameworks */,
				9A59F5E72A028E350094D711 /* Resources */,
			);
			buildRules = (
			);
			dependencies = (
				9A59F5EB2A028E350094D711 /* PBXTargetDependency */,
			);
			name = "Singn InTests";
			productName = "Singn InTests";
			productReference = 9A59F5E92A028E350094D711 /* Singn InTests.xctest */;
			productType = "com.apple.product-type.bundle.unit-test";
		};
		9A59F5F22A028E350094D711 /* Singn InUITests */ = {
			isa = PBXNativeTarget;
			buildConfigurationList = 9A59F6032A028E350094D711 /* Build configuration list for PBXNativeTarget "Singn InUITests" */;
			buildPhases = (
				9A59F5EF2A028E350094D711 /* Sources */,
				9A59F5F02A028E350094D711 /* Frameworks */,
				9A59F5F12A028E350094D711 /* Resources */,
			);
			buildRules = (
			);
			dependencies = (
				9A59F5F52A028E350094D711 /* PBXTargetDependency */,
			);
			name = "Singn InUITests";
			productName = "Singn InUITests";
			productReference = 9A59F5F32A028E350094D711 /* Singn InUITests.xctest */;
			productType = "com.apple.product-type.bundle.ui-testing";
		};
/* End PBXNativeTarget section */

/* Begin PBXProject section */
		9A59F5D12A028E330094D711 /* Project object */ = {
			isa = PBXProject;
			attributes = {
				BuildIndependentTargetsInParallel = 1;
				LastSwiftUpdateCheck = 1430;
				LastUpgradeCheck = 1430;
				TargetAttributes = {
					9A59F5D82A028E330094D711 = {
						CreatedOnToolsVersion = 14.3;
					};
					9A59F5E82A028E350094D711 = {
						CreatedOnToolsVersion = 14.3;
						TestTargetID = 9A59F5D82A028E330094D711;
					};
					9A59F5F22A028E350094D711 = {
						CreatedOnToolsVersion = 14.3;
						TestTargetID = 9A59F5D82A028E330094D711;
					};
				};
			};
			buildConfigurationList = 9A59F5D42A028E330094D711 /* Build configuration list for PBXProject "Singn In" */;
			compatibilityVersion = "Xcode 14.0";
			developmentRegion = en;
			hasScannedForEncodings = 0;
			knownRegions = (
				en,
				Base,
			);
			mainGroup = 9A59F5D02A028E330094D711;
			productRefGroup = 9A59F5DA2A028E330094D711 /* Products */;
			projectDirPath = "";
			projectRoot = "";
			targets = (
				9A59F5D82A028E330094D711 /* Singn In */,
				9A59F5E82A028E350094D711 /* Singn InTests */,
				9A59F5F22A028E350094D711 /* Singn InUITests */,
			);
		};
/* End PBXProject section */

/* Begin PBXResourcesBuildPhase section */
		9A59F5D72A028E330094D711 /* Resources */ = {
			isa = PBXResourcesBuildPhase;
			buildActionMask = 2147483647;
			files = (
				9A59F5E42A028E350094D711 /* Preview Assets.xcassets in Resources */,
				9A59F5E12A028E350094D711 /* Assets.xcassets in Resources */,
			);
			runOnlyForDeploymentPostprocessing = 0;
		};
		9A59F5E72A028E350094D711 /* Resources */ = {
			isa = PBXResourcesBuildPhase;
			buildActionMask = 2147483647;
			files = (
			);
			runOnlyForDeploymentPostprocessing = 0;
		};
		9A59F5F12A028E350094D711 /* Resources */ = {
			isa = PBXResourcesBuildPhase;
			buildActionMask = 2147483647;
			files = (
			);
			runOnlyForDeploymentPostprocessing = 0;
		};
/* End PBXResourcesBuildPhase section */

/* Begin PBXSourcesBuildPhase section */
		9A59F5D52A028E330094D711 /* Sources */ = {
			isa = PBXSourcesBuildPhase;
			buildActionMask = 2147483647;
			files = (
				9A59F6082A028F160094D711 /* LoginView.swift in Sources */,
				9A59F5DF2A028E330094D711 /* ContentView.swift in Sources */,
				9A59F60C2A0298C80094D711 /* String.swift in Sources */,
				9A59F5DD2A028E330094D711 /* Singn_InApp.swift in Sources */,
			);
			runOnlyForDeploymentPostprocessing = 0;
		};
		9A59F5E52A028E350094D711 /* Sources */ = {
			isa = PBXSourcesBuildPhase;
			buildActionMask = 2147483647;
			files = (
				9A59F5EE2A028E350094D711 /* Singn_InTests.swift in Sources */,
			);
			runOnlyForDeploymentPostprocessing = 0;
		};
		9A59F5EF2A028E350094D711 /* Sources */ = {
			isa = PBXSourcesBuildPhase;
			buildActionMask = 2147483647;
			files = (
				9A59F5FA2A028E350094D711 /* Singn_InUITestsLaunchTests.swift in Sources */,
				9A59F5F82A028E350094D711 /* Singn_InUITests.swift in Sources */,
			);
			runOnlyForDeploymentPostprocessing = 0;
		};
/* End PBXSourcesBuildPhase section */

/* Begin PBXTargetDependency section */
		9A59F5EB2A028E350094D711 /* PBXTargetDependency */ = {
			isa = PBXTargetDependency;
			target = 9A59F5D82A028E330094D711 /* Singn In */;
			targetProxy = 9A59F5EA2A028E350094D711 /* PBXContainerItemProxy */;
		};
		9A59F5F52A028E350094D711 /* PBXTargetDependency */ = {
			isa = PBXTargetDependency;
			target = 9A59F5D82A028E330094D711 /* Singn In */;
			targetProxy = 9A59F5F42A028E350094D711 /* PBXContainerItemProxy */;
		};
/* End PBXTargetDependency section */

/* Begin XCBuildConfiguration section */
		9A59F5FB2A028E350094D711 /* Debug */ = {
			isa = XCBuildConfiguration;
			buildSettings = {
				ALWAYS_SEARCH_USER_PATHS = NO;
				CLANG_ANALYZER_NONNULL = YES;
				CLANG_ANALYZER_NUMBER_OBJECT_CONVERSION = YES_AGGRESSIVE;
				CLANG_CXX_LANGUAGE_STANDARD = "gnu++20";
				CLANG_ENABLE_MODULES = YES;
				CLANG_ENABLE_OBJC_ARC = YES;
				CLANG_ENABLE_OBJC_WEAK = YES;
				CLANG_WARN_BLOCK_CAPTURE_AUTORELEASING = YES;
				CLANG_WARN_BOOL_CONVERSION = YES;
				CLANG_WARN_COMMA = YES;
				CLANG_WARN_CONSTANT_CONVERSION = YES;
				CLANG_WARN_DEPRECATED_OBJC_IMPLEMENTATIONS = YES;
				CLANG_WARN_DIRECT_OBJC_ISA_USAGE = YES_ERROR;
				CLANG_WARN_DOCUMENTATION_COMMENTS = YES;
				CLANG_WARN_EMPTY_BODY = YES;
				CLANG_WARN_ENUM_CONVERSION = YES;
				CLANG_WARN_INFINITE_RECURSION = YES;
				CLANG_WARN_INT_CONVERSION = YES;
				CLANG_WARN_NON_LITERAL_NULL_CONVERSION = YES;
				CLANG_WARN_OBJC_IMPLICIT_RETAIN_SELF = YES;
				CLANG_WARN_OBJC_LITERAL_CONVERSION = YES;
				CLANG_WARN_OBJC_ROOT_CLASS = YES_ERROR;
				CLANG_WARN_QUOTED_INCLUDE_IN_FRAMEWORK_HEADER = YES;
				CLANG_WARN_RANGE_LOOP_ANALYSIS = YES;
				CLANG_WARN_STRICT_PROTOTYPES = YES;
				CLANG_WARN_SUSPICIOUS_MOVE = YES;
				CLANG_WARN_UNGUARDED_AVAILABILITY = YES_AGGRESSIVE;
				CLANG_WARN_UNREACHABLE_CODE = YES;
				CLANG_WARN__DUPLICATE_METHOD_MATCH = YES;
				COPY_PHASE_STRIP = NO;
				DEBUG_INFORMATION_FORMAT = dwarf;
				ENABLE_STRICT_OBJC_MSGSEND = YES;
				ENABLE_TESTABILITY = YES;
				GCC_C_LANGUAGE_STANDARD = gnu11;
				GCC_DYNAMIC_NO_PIC = NO;
				GCC_NO_COMMON_BLOCKS = YES;
				GCC_OPTIMIZATION_LEVEL = 0;
				GCC_PREPROCESSOR_DEFINITIONS = (
					"DEBUG=1",
					"$(inherited)",
				);
				GCC_WARN_64_TO_32_BIT_CONVERSION = YES;
				GCC_WARN_ABOUT_RETURN_TYPE = YES_ERROR;
				GCC_WARN_UNDECLARED_SELECTOR = YES;
				GCC_WARN_UNINITIALIZED_AUTOS = YES_AGGRESSIVE;
				GCC_WARN_UNUSED_FUNCTION = YES;
				GCC_WARN_UNUSED_VARIABLE = YES;
				IPHONEOS_DEPLOYMENT_TARGET = 16.4;
				MTL_ENABLE_DEBUG_INFO = INCLUDE_SOURCE;
				MTL_FAST_MATH = YES;
				ONLY_ACTIVE_ARCH = YES;
				SDKROOT = iphoneos;
				SWIFT_ACTIVE_COMPILATION_CONDITIONS = DEBUG;
				SWIFT_OPTIMIZATION_LEVEL = "-Onone";
			};
			name = Debug;
		};
		9A59F5FC2A028E350094D711 /* Release */ = {
			isa = XCBuildConfiguration;
			buildSettings = {
				ALWAYS_SEARCH_USER_PATHS = NO;
				CLANG_ANALYZER_NONNULL = YES;
				CLANG_ANALYZER_NUMBER_OBJECT_CONVERSION = YES_AGGRESSIVE;
				CLANG_CXX_LANGUAGE_STANDARD = "gnu++20";
				CLANG_ENABLE_MODULES = YES;
				CLANG_ENABLE_OBJC_ARC = YES;
				CLANG_ENABLE_OBJC_WEAK = YES;
				CLANG_WARN_BLOCK_CAPTURE_AUTORELEASING = YES;
				CLANG_WARN_BOOL_CONVERSION = YES;
				CLANG_WARN_COMMA = YES;
				CLANG_WARN_CONSTANT_CONVERSION = YES;
				CLANG_WARN_DEPRECATED_OBJC_IMPLEMENTATIONS = YES;
				CLANG_WARN_DIRECT_OBJC_ISA_USAGE = YES_ERROR;
				CLANG_WARN_DOCUMENTATION_COMMENTS = YES;
				CLANG_WARN_EMPTY_BODY = YES;
				CLANG_WARN_ENUM_CONVERSION = YES;
				CLANG_WARN_INFINITE_RECURSION = YES;
				CLANG_WARN_INT_CONVERSION = YES;
				CLANG_WARN_NON_LITERAL_NULL_CONVERSION = YES;
				CLANG_WARN_OBJC_IMPLICIT_RETAIN_SELF = YES;
				CLANG_WARN_OBJC_LITERAL_CONVERSION = YES;
				CLANG_WARN_OBJC_ROOT_CLASS = YES_ERROR;
				CLANG_WARN_QUOTED_INCLUDE_IN_FRAMEWORK_HEADER = YES;
				CLANG_WARN_RANGE_LOOP_ANALYSIS = YES;
				CLANG_WARN_STRICT_PROTOTYPES = YES;
				CLANG_WARN_SUSPICIOUS_MOVE = YES;
				CLANG_WARN_UNGUARDED_AVAILABILITY = YES_AGGRESSIVE;
				CLANG_WARN_UNREACHABLE_CODE = YES;
				CLANG_WARN__DUPLICATE_METHOD_MATCH = YES;
				COPY_PHASE_STRIP = NO;
				DEBUG_INFORMATION_FORMAT = "dwarf-with-dsym";
				ENABLE_NS_ASSERTIONS = NO;
				ENABLE_STRICT_OBJC_MSGSEND = YES;
				GCC_C_LANGUAGE_STANDARD = gnu11;
				GCC_NO_COMMON_BLOCKS = YES;
				GCC_WARN_64_TO_32_BIT_CONVERSION = YES;
				GCC_WARN_ABOUT_RETURN_TYPE = YES_ERROR;
				GCC_WARN_UNDECLARED_SELECTOR = YES;
				GCC_WARN_UNINITIALIZED_AUTOS = YES_AGGRESSIVE;
				GCC_WARN_UNUSED_FUNCTION = YES;
				GCC_WARN_UNUSED_VARIABLE = YES;
				IPHONEOS_DEPLOYMENT_TARGET = 16.4;
				MTL_ENABLE_DEBUG_INFO = NO;
				MTL_FAST_MATH = YES;
				SDKROOT = iphoneos;
				SWIFT_COMPILATION_MODE = wholemodule;
				SWIFT_OPTIMIZATION_LEVEL = "-O";
				VALIDATE_PRODUCT = YES;
			};
			name = Release;
		};
		9A59F5FE2A028E350094D711 /* Debug */ = {
			isa = XCBuildConfiguration;
			buildSettings = {
				ASSETCATALOG_COMPILER_APPICON_NAME = AppIcon;
				ASSETCATALOG_COMPILER_GLOBAL_ACCENT_COLOR_NAME = AccentColor;
				CODE_SIGN_STYLE = Automatic;
				CURRENT_PROJECT_VERSION = 1;
				DEVELOPMENT_ASSET_PATHS = "\"Singn In/Preview Content\"";
				DEVELOPMENT_TEAM = 4A8KKD356C;
				ENABLE_PREVIEWS = YES;
				GENERATE_INFOPLIST_FILE = YES;
				INFOPLIST_KEY_UIApplicationSceneManifest_Generation = YES;
				INFOPLIST_KEY_UIApplicationSupportsIndirectInputEvents = YES;
				INFOPLIST_KEY_UILaunchScreen_Generation = YES;
				INFOPLIST_KEY_UISupportedInterfaceOrientations_iPad = "UIInterfaceOrientationPortrait UIInterfaceOrientationPortraitUpsideDown UIInterfaceOrientationLandscapeLeft UIInterfaceOrientationLandscapeRight";
				INFOPLIST_KEY_UISupportedInterfaceOrientations_iPhone = "UIInterfaceOrientationPortrait UIInterfaceOrientationLandscapeLeft UIInterfaceOrientationLandscapeRight";
				LD_RUNPATH_SEARCH_PATHS = (
					"$(inherited)",
					"@executable_path/Frameworks",
				);
				MARKETING_VERSION = 1.0;
				PRODUCT_BUNDLE_IDENTIFIER = "com.hugoldev.Singn-In";
				PRODUCT_NAME = "$(TARGET_NAME)";
				SWIFT_EMIT_LOC_STRINGS = YES;
				SWIFT_VERSION = 5.0;
				TARGETED_DEVICE_FAMILY = "1,2";
			};
			name = Debug;
		};
		9A59F5FF2A028E350094D711 /* Release */ = {
			isa = XCBuildConfiguration;
			buildSettings = {
				ASSETCATALOG_COMPILER_APPICON_NAME = AppIcon;
				ASSETCATALOG_COMPILER_GLOBAL_ACCENT_COLOR_NAME = AccentColor;
				CODE_SIGN_STYLE = Automatic;
				CURRENT_PROJECT_VERSION = 1;
				DEVELOPMENT_ASSET_PATHS = "\"Singn In/Preview Content\"";
				DEVELOPMENT_TEAM = 4A8KKD356C;
				ENABLE_PREVIEWS = YES;
				GENERATE_INFOPLIST_FILE = YES;
				INFOPLIST_KEY_UIApplicationSceneManifest_Generation = YES;
				INFOPLIST_KEY_UIApplicationSupportsIndirectInputEvents = YES;
				INFOPLIST_KEY_UILaunchScreen_Generation = YES;
				INFOPLIST_KEY_UISupportedInterfaceOrientations_iPad = "UIInterfaceOrientationPortrait UIInterfaceOrientationPortraitUpsideDown UIInterfaceOrientationLandscapeLeft UIInterfaceOrientationLandscapeRight";
				INFOPLIST_KEY_UISupportedInterfaceOrientations_iPhone = "UIInterfaceOrientationPortrait UIInterfaceOrientationLandscapeLeft UIInterfaceOrientationLandscapeRight";
				LD_RUNPATH_SEARCH_PATHS = (
					"$(inherited)",
					"@executable_path/Frameworks",
				);
				MARKETING_VERSION = 1.0;
				PRODUCT_BUNDLE_IDENTIFIER = "com.hugoldev.Singn-In";
				PRODUCT_NAME = "$(TARGET_NAME)";
				SWIFT_EMIT_LOC_STRINGS = YES;
				SWIFT_VERSION = 5.0;
				TARGETED_DEVICE_FAMILY = "1,2";
			};
			name = Release;
		};
		9A59F6012A028E350094D711 /* Debug */ = {
			isa = XCBuildConfiguration;
			buildSettings = {
				ALWAYS_EMBED_SWIFT_STANDARD_LIBRARIES = YES;
				BUNDLE_LOADER = "$(TEST_HOST)";
				CODE_SIGN_STYLE = Automatic;
				CURRENT_PROJECT_VERSION = 1;
				DEVELOPMENT_TEAM = 4A8KKD356C;
				GENERATE_INFOPLIST_FILE = YES;
				IPHONEOS_DEPLOYMENT_TARGET = 16.4;
				MARKETING_VERSION = 1.0;
				PRODUCT_BUNDLE_IDENTIFIER = "com.hugoldev.Singn-InTests";
				PRODUCT_NAME = "$(TARGET_NAME)";
				SWIFT_EMIT_LOC_STRINGS = NO;
				SWIFT_VERSION = 5.0;
				TARGETED_DEVICE_FAMILY = "1,2";
				TEST_HOST = "$(BUILT_PRODUCTS_DIR)/Singn In.app/$(BUNDLE_EXECUTABLE_FOLDER_PATH)/Singn In";
			};
			name = Debug;
		};
		9A59F6022A028E350094D711 /* Release */ = {
			isa = XCBuildConfiguration;
			buildSettings = {
				ALWAYS_EMBED_SWIFT_STANDARD_LIBRARIES = YES;
				BUNDLE_LOADER = "$(TEST_HOST)";
				CODE_SIGN_STYLE = Automatic;
				CURRENT_PROJECT_VERSION = 1;
				DEVELOPMENT_TEAM = 4A8KKD356C;
				GENERATE_INFOPLIST_FILE = YES;
				IPHONEOS_DEPLOYMENT_TARGET = 16.4;
				MARKETING_VERSION = 1.0;
				PRODUCT_BUNDLE_IDENTIFIER = "com.hugoldev.Singn-InTests";
				PRODUCT_NAME = "$(TARGET_NAME)";
				SWIFT_EMIT_LOC_STRINGS = NO;
				SWIFT_VERSION = 5.0;
				TARGETED_DEVICE_FAMILY = "1,2";
				TEST_HOST = "$(BUILT_PRODUCTS_DIR)/Singn In.app/$(BUNDLE_EXECUTABLE_FOLDER_PATH)/Singn In";
			};
			name = Release;
		};
		9A59F6042A028E350094D711 /* Debug */ = {
			isa = XCBuildConfiguration;
			buildSettings = {
				ALWAYS_EMBED_SWIFT_STANDARD_LIBRARIES = YES;
				CODE_SIGN_STYLE = Automatic;
				CURRENT_PROJECT_VERSION = 1;
				DEVELOPMENT_TEAM = 4A8KKD356C;
				GENERATE_INFOPLIST_FILE = YES;
				MARKETING_VERSION = 1.0;
				PRODUCT_BUNDLE_IDENTIFIER = "com.hugoldev.Singn-InUITests";
				PRODUCT_NAME = "$(TARGET_NAME)";
				SWIFT_EMIT_LOC_STRINGS = NO;
				SWIFT_VERSION = 5.0;
				TARGETED_DEVICE_FAMILY = "1,2";
				TEST_TARGET_NAME = "Singn In";
			};
			name = Debug;
		};
		9A59F6052A028E350094D711 /* Release */ = {
			isa = XCBuildConfiguration;
			buildSettings = {
				ALWAYS_EMBED_SWIFT_STANDARD_LIBRARIES = YES;
				CODE_SIGN_STYLE = Automatic;
				CURRENT_PROJECT_VERSION = 1;
				DEVELOPMENT_TEAM = 4A8KKD356C;
				GENERATE_INFOPLIST_FILE = YES;
				MARKETING_VERSION = 1.0;
				PRODUCT_BUNDLE_IDENTIFIER = "com.hugoldev.Singn-InUITests";
				PRODUCT_NAME = "$(TARGET_NAME)";
				SWIFT_EMIT_LOC_STRINGS = NO;
				SWIFT_VERSION = 5.0;
				TARGETED_DEVICE_FAMILY = "1,2";
				TEST_TARGET_NAME = "Singn In";
			};
			name = Release;
		};
/* End XCBuildConfiguration section */

/* Begin XCConfigurationList section */
		9A59F5D42A028E330094D711 /* Build configuration list for PBXProject "Singn In" */ = {
			isa = XCConfigurationList;
			buildConfigurations = (
				9A59F5FB2A028E350094D711 /* Debug */,
				9A59F5FC2A028E350094D711 /* Release */,
			);
			defaultConfigurationIsVisible = 0;
			defaultConfigurationName = Release;
		};
		9A59F5FD2A028E350094D711 /* Build configuration list for PBXNativeTarget "Singn In" */ = {
			isa = XCConfigurationList;
			buildConfigurations = (
				9A59F5FE2A028E350094D711 /* Debug */,
				9A59F5FF2A028E350094D711 /* Release */,
			);
			defaultConfigurationIsVisible = 0;
			defaultConfigurationName = Release;
		};
		9A59F6002A028E350094D711 /* Build configuration list for PBXNativeTarget "Singn InTests" */ = {
			isa = XCConfigurationList;
			buildConfigurations = (
				9A59F6012A028E350094D711 /* Debug */,
				9A59F6022A028E350094D711 /* Release */,
			);
			defaultConfigurationIsVisible = 0;
			defaultConfigurationName = Release;
		};
		9A59F6032A028E350094D711 /* Build configuration list for PBXNativeTarget "Singn InUITests" */ = {
			isa = XCConfigurationList;
			buildConfigurations = (
				9A59F6042A028E350094D711 /* Debug */,
				9A59F6052A028E350094D711 /* Release */,
			);
			defaultConfigurationIsVisible = 0;
			defaultConfigurationName = Release;
		};
/* End XCConfigurationList section */
	};
	rootObject = 9A59F5D12A028E330094D711 /* Project object */;
}
